// !$*UTF8*$!
{
	archiveVersion = 1;
	classes = {
	};
	objectVersion = 55;
	objects = {

/* Begin PBXBuildFile section */
		7C1BE73B289FE25200935D4A /* AppDelegate.swift in Sources */ = {isa = PBXBuildFile; fileRef = 7C1BE73A289FE25200935D4A /* AppDelegate.swift */; };
		7C1BE73D289FE25200935D4A /* SceneDelegate.swift in Sources */ = {isa = PBXBuildFile; fileRef = 7C1BE73C289FE25200935D4A /* SceneDelegate.swift */; };
		7C1BE73F289FE25200935D4A /* ViewController.swift in Sources */ = {isa = PBXBuildFile; fileRef = 7C1BE73E289FE25200935D4A /* ViewController.swift */; };
		7C1BE742289FE25200935D4A /* Main.storyboard in Resources */ = {isa = PBXBuildFile; fileRef = 7C1BE740289FE25200935D4A /* Main.storyboard */; };
		7C1BE744289FE25400935D4A /* Assets.xcassets in Resources */ = {isa = PBXBuildFile; fileRef = 7C1BE743289FE25400935D4A /* Assets.xcassets */; };
		7C1BE747289FE25400935D4A /* LaunchScreen.storyboard in Resources */ = {isa = PBXBuildFile; fileRef = 7C1BE745289FE25400935D4A /* LaunchScreen.storyboard */; };
		7C1BE752289FE25500935D4A /* MySpaceXLaunchTests.swift in Sources */ = {isa = PBXBuildFile; fileRef = 7C1BE751289FE25500935D4A /* MySpaceXLaunchTests.swift */; };
		7C1BE75C289FE25500935D4A /* MySpaceXLaunchUITests.swift in Sources */ = {isa = PBXBuildFile; fileRef = 7C1BE75B289FE25500935D4A /* MySpaceXLaunchUITests.swift */; };
		7C1BE75E289FE25500935D4A /* MySpaceXLaunchUITestsLaunchTests.swift in Sources */ = {isa = PBXBuildFile; fileRef = 7C1BE75D289FE25500935D4A /* MySpaceXLaunchUITestsLaunchTests.swift */; };
		7C1BE770289FE4F100935D4A /* LaunchListViewController.swift in Sources */ = {isa = PBXBuildFile; fileRef = 7C1BE76F289FE4F100935D4A /* LaunchListViewController.swift */; };
		7C1BE772289FE59E00935D4A /* LaunchDetailViewController.swift in Sources */ = {isa = PBXBuildFile; fileRef = 7C1BE771289FE59E00935D4A /* LaunchDetailViewController.swift */; };
		7C1BE774289FE5CC00935D4A /* LaunchListTableViewCell.swift in Sources */ = {isa = PBXBuildFile; fileRef = 7C1BE773289FE5CC00935D4A /* LaunchListTableViewCell.swift */; };
		7C1BE77628A0C75E00935D4A /* RestAPIService.swift in Sources */ = {isa = PBXBuildFile; fileRef = 7C1BE77528A0C75E00935D4A /* RestAPIService.swift */; };
		7C1BE78028A0DCA800935D4A /* CompanyInfoRequest.swift in Sources */ = {isa = PBXBuildFile; fileRef = 7C1BE77F28A0DCA800935D4A /* CompanyInfoRequest.swift */; };
		7C1BE78228A0DCC700935D4A /* CompanyInfoService.swift in Sources */ = {isa = PBXBuildFile; fileRef = 7C1BE78128A0DCC700935D4A /* CompanyInfoService.swift */; };
		7C1BE78428A0DCEC00935D4A /* LaunchesRequest.swift in Sources */ = {isa = PBXBuildFile; fileRef = 7C1BE78328A0DCEC00935D4A /* LaunchesRequest.swift */; };
		7C1BE78628A0DD2000935D4A /* LaunchService.swift in Sources */ = {isa = PBXBuildFile; fileRef = 7C1BE78528A0DD2000935D4A /* LaunchService.swift */; };
		7C1BE78828A0DE7B00935D4A /* CompanyModel.swift in Sources */ = {isa = PBXBuildFile; fileRef = 7C1BE78728A0DE7B00935D4A /* CompanyModel.swift */; };
		7C1BE78C28A10A2C00935D4A /* CompanyInfoModelsTest.swift in Sources */ = {isa = PBXBuildFile; fileRef = 7C1BE78B28A10A2C00935D4A /* CompanyInfoModelsTest.swift */; };
		7C1BE78E28A10DD200935D4A /* HeadquartersModel.swift in Sources */ = {isa = PBXBuildFile; fileRef = 7C1BE78D28A10DD200935D4A /* HeadquartersModel.swift */; };
		7C3B019328A4D1DA0087FEC4 /* Links.swift in Sources */ = {isa = PBXBuildFile; fileRef = 7C1BE78F28A10E0A00935D4A /* Links.swift */; };
		7C3B019528A4D3710087FEC4 /* LaunchListViewModel.swift in Sources */ = {isa = PBXBuildFile; fileRef = 7C3B019428A4D3710087FEC4 /* LaunchListViewModel.swift */; };
		7C3B019728A4DADA0087FEC4 /* LaunchListTableViewCellViewModel.swift in Sources */ = {isa = PBXBuildFile; fileRef = 7C3B019628A4DADA0087FEC4 /* LaunchListTableViewCellViewModel.swift */; };
		7C3B019928A4F2FC0087FEC4 /* DateFormatter.swift in Sources */ = {isa = PBXBuildFile; fileRef = 7C3B019828A4F2FC0087FEC4 /* DateFormatter.swift */; };
		7C3B019B28A54EBE0087FEC4 /* ImageViewExtension.swift in Sources */ = {isa = PBXBuildFile; fileRef = 7C3B019A28A54EBE0087FEC4 /* ImageViewExtension.swift */; };
		7C3B019D28A587270087FEC4 /* RocketDetailViewController.swift in Sources */ = {isa = PBXBuildFile; fileRef = 7C3B019C28A587270087FEC4 /* RocketDetailViewController.swift */; };
		7C3B019F28A588480087FEC4 /* RocketDetailViewModel.swift in Sources */ = {isa = PBXBuildFile; fileRef = 7C3B019E28A588480087FEC4 /* RocketDetailViewModel.swift */; };
		7CF609C128A407EF00A74933 /* Orbit_params.swift in Sources */ = {isa = PBXBuildFile; fileRef = 7CF609B528A407EF00A74933 /* Orbit_params.swift */; };
		7CF609C228A407EF00A74933 /* First_stage.swift in Sources */ = {isa = PBXBuildFile; fileRef = 7CF609B628A407EF00A74933 /* First_stage.swift */; };
		7CF609C328A407EF00A74933 /* Payloads.swift in Sources */ = {isa = PBXBuildFile; fileRef = 7CF609B728A407EF00A74933 /* Payloads.swift */; };
		7CF609C428A407EF00A74933 /* Second_stage.swift in Sources */ = {isa = PBXBuildFile; fileRef = 7CF609B828A407EF00A74933 /* Second_stage.swift */; };
		7CF609C528A407EF00A74933 /* LinksInfo.swift in Sources */ = {isa = PBXBuildFile; fileRef = 7CF609B928A407EF00A74933 /* LinksInfo.swift */; };
		7CF609C628A407EF00A74933 /* Telemetry.swift in Sources */ = {isa = PBXBuildFile; fileRef = 7CF609BA28A407EF00A74933 /* Telemetry.swift */; };
		7CF609C728A407EF00A74933 /* Cores.swift in Sources */ = {isa = PBXBuildFile; fileRef = 7CF609BB28A407EF00A74933 /* Cores.swift */; };
		7CF609C828A407EF00A74933 /* LaunchInfo.swift in Sources */ = {isa = PBXBuildFile; fileRef = 7CF609BC28A407EF00A74933 /* LaunchInfo.swift */; };
		7CF609C928A407EF00A74933 /* Launch_site.swift in Sources */ = {isa = PBXBuildFile; fileRef = 7CF609BD28A407EF00A74933 /* Launch_site.swift */; };
		7CF609CA28A407EF00A74933 /* Fairings.swift in Sources */ = {isa = PBXBuildFile; fileRef = 7CF609BE28A407EF00A74933 /* Fairings.swift */; };
		7CF609CB28A407EF00A74933 /* Rocket.swift in Sources */ = {isa = PBXBuildFile; fileRef = 7CF609BF28A407EF00A74933 /* Rocket.swift */; };
		7CF609CC28A407EF00A74933 /* Timeline.swift in Sources */ = {isa = PBXBuildFile; fileRef = 7CF609C028A407EF00A74933 /* Timeline.swift */; };
/* End PBXBuildFile section */

/* Begin PBXContainerItemProxy section */
		7C1BE74E289FE25500935D4A /* PBXContainerItemProxy */ = {
			isa = PBXContainerItemProxy;
			containerPortal = 7C1BE72F289FE25100935D4A /* Project object */;
			proxyType = 1;
			remoteGlobalIDString = 7C1BE736289FE25200935D4A;
			remoteInfo = MySpaceXLaunch;
		};
		7C1BE758289FE25500935D4A /* PBXContainerItemProxy */ = {
			isa = PBXContainerItemProxy;
			containerPortal = 7C1BE72F289FE25100935D4A /* Project object */;
			proxyType = 1;
			remoteGlobalIDString = 7C1BE736289FE25200935D4A;
			remoteInfo = MySpaceXLaunch;
		};
/* End PBXContainerItemProxy section */

/* Begin PBXFileReference section */
		7C1BE737289FE25200935D4A /* MySpaceXLaunch.app */ = {isa = PBXFileReference; explicitFileType = wrapper.application; includeInIndex = 0; path = MySpaceXLaunch.app; sourceTree = BUILT_PRODUCTS_DIR; };
		7C1BE73A289FE25200935D4A /* AppDelegate.swift */ = {isa = PBXFileReference; lastKnownFileType = sourcecode.swift; path = AppDelegate.swift; sourceTree = "<group>"; };
		7C1BE73C289FE25200935D4A /* SceneDelegate.swift */ = {isa = PBXFileReference; lastKnownFileType = sourcecode.swift; path = SceneDelegate.swift; sourceTree = "<group>"; };
		7C1BE73E289FE25200935D4A /* ViewController.swift */ = {isa = PBXFileReference; lastKnownFileType = sourcecode.swift; path = ViewController.swift; sourceTree = "<group>"; };
		7C1BE741289FE25200935D4A /* Base */ = {isa = PBXFileReference; lastKnownFileType = file.storyboard; name = Base; path = Base.lproj/Main.storyboard; sourceTree = "<group>"; };
		7C1BE743289FE25400935D4A /* Assets.xcassets */ = {isa = PBXFileReference; lastKnownFileType = folder.assetcatalog; path = Assets.xcassets; sourceTree = "<group>"; };
		7C1BE746289FE25400935D4A /* Base */ = {isa = PBXFileReference; lastKnownFileType = file.storyboard; name = Base; path = Base.lproj/LaunchScreen.storyboard; sourceTree = "<group>"; };
		7C1BE748289FE25400935D4A /* Info.plist */ = {isa = PBXFileReference; lastKnownFileType = text.plist.xml; path = Info.plist; sourceTree = "<group>"; };
		7C1BE74D289FE25500935D4A /* MySpaceXLaunchTests.xctest */ = {isa = PBXFileReference; explicitFileType = wrapper.cfbundle; includeInIndex = 0; path = MySpaceXLaunchTests.xctest; sourceTree = BUILT_PRODUCTS_DIR; };
		7C1BE751289FE25500935D4A /* MySpaceXLaunchTests.swift */ = {isa = PBXFileReference; lastKnownFileType = sourcecode.swift; path = MySpaceXLaunchTests.swift; sourceTree = "<group>"; };
		7C1BE757289FE25500935D4A /* MySpaceXLaunchUITests.xctest */ = {isa = PBXFileReference; explicitFileType = wrapper.cfbundle; includeInIndex = 0; path = MySpaceXLaunchUITests.xctest; sourceTree = BUILT_PRODUCTS_DIR; };
		7C1BE75B289FE25500935D4A /* MySpaceXLaunchUITests.swift */ = {isa = PBXFileReference; lastKnownFileType = sourcecode.swift; path = MySpaceXLaunchUITests.swift; sourceTree = "<group>"; };
		7C1BE75D289FE25500935D4A /* MySpaceXLaunchUITestsLaunchTests.swift */ = {isa = PBXFileReference; lastKnownFileType = sourcecode.swift; path = MySpaceXLaunchUITestsLaunchTests.swift; sourceTree = "<group>"; };
		7C1BE76F289FE4F100935D4A /* LaunchListViewController.swift */ = {isa = PBXFileReference; lastKnownFileType = sourcecode.swift; path = LaunchListViewController.swift; sourceTree = "<group>"; };
		7C1BE771289FE59E00935D4A /* LaunchDetailViewController.swift */ = {isa = PBXFileReference; lastKnownFileType = sourcecode.swift; path = LaunchDetailViewController.swift; sourceTree = "<group>"; };
		7C1BE773289FE5CC00935D4A /* LaunchListTableViewCell.swift */ = {isa = PBXFileReference; lastKnownFileType = sourcecode.swift; path = LaunchListTableViewCell.swift; sourceTree = "<group>"; };
		7C1BE77528A0C75E00935D4A /* RestAPIService.swift */ = {isa = PBXFileReference; lastKnownFileType = sourcecode.swift; path = RestAPIService.swift; sourceTree = "<group>"; };
		7C1BE77F28A0DCA800935D4A /* CompanyInfoRequest.swift */ = {isa = PBXFileReference; lastKnownFileType = sourcecode.swift; path = CompanyInfoRequest.swift; sourceTree = "<group>"; };
		7C1BE78128A0DCC700935D4A /* CompanyInfoService.swift */ = {isa = PBXFileReference; lastKnownFileType = sourcecode.swift; path = CompanyInfoService.swift; sourceTree = "<group>"; };
		7C1BE78328A0DCEC00935D4A /* LaunchesRequest.swift */ = {isa = PBXFileReference; lastKnownFileType = sourcecode.swift; path = LaunchesRequest.swift; sourceTree = "<group>"; };
		7C1BE78528A0DD2000935D4A /* LaunchService.swift */ = {isa = PBXFileReference; lastKnownFileType = sourcecode.swift; path = LaunchService.swift; sourceTree = "<group>"; };
		7C1BE78728A0DE7B00935D4A /* CompanyModel.swift */ = {isa = PBXFileReference; lastKnownFileType = sourcecode.swift; path = CompanyModel.swift; sourceTree = "<group>"; };
		7C1BE78B28A10A2C00935D4A /* CompanyInfoModelsTest.swift */ = {isa = PBXFileReference; lastKnownFileType = sourcecode.swift; path = CompanyInfoModelsTest.swift; sourceTree = "<group>"; };
		7C1BE78D28A10DD200935D4A /* HeadquartersModel.swift */ = {isa = PBXFileReference; lastKnownFileType = sourcecode.swift; path = HeadquartersModel.swift; sourceTree = "<group>"; };
		7C1BE78F28A10E0A00935D4A /* Links.swift */ = {isa = PBXFileReference; lastKnownFileType = sourcecode.swift; path = Links.swift; sourceTree = "<group>"; };
		7C3B019428A4D3710087FEC4 /* LaunchListViewModel.swift */ = {isa = PBXFileReference; lastKnownFileType = sourcecode.swift; path = LaunchListViewModel.swift; sourceTree = "<group>"; };
		7C3B019628A4DADA0087FEC4 /* LaunchListTableViewCellViewModel.swift */ = {isa = PBXFileReference; lastKnownFileType = sourcecode.swift; path = LaunchListTableViewCellViewModel.swift; sourceTree = "<group>"; };
		7C3B019828A4F2FC0087FEC4 /* DateFormatter.swift */ = {isa = PBXFileReference; lastKnownFileType = sourcecode.swift; path = DateFormatter.swift; sourceTree = "<group>"; };
		7C3B019A28A54EBE0087FEC4 /* ImageViewExtension.swift */ = {isa = PBXFileReference; lastKnownFileType = sourcecode.swift; path = ImageViewExtension.swift; sourceTree = "<group>"; };
		7C3B019C28A587270087FEC4 /* RocketDetailViewController.swift */ = {isa = PBXFileReference; lastKnownFileType = sourcecode.swift; path = RocketDetailViewController.swift; sourceTree = "<group>"; };
		7C3B019E28A588480087FEC4 /* RocketDetailViewModel.swift */ = {isa = PBXFileReference; lastKnownFileType = sourcecode.swift; path = RocketDetailViewModel.swift; sourceTree = "<group>"; };
		7CF609B528A407EF00A74933 /* Orbit_params.swift */ = {isa = PBXFileReference; fileEncoding = 4; lastKnownFileType = sourcecode.swift; path = Orbit_params.swift; sourceTree = "<group>"; };
		7CF609B628A407EF00A74933 /* First_stage.swift */ = {isa = PBXFileReference; fileEncoding = 4; lastKnownFileType = sourcecode.swift; path = First_stage.swift; sourceTree = "<group>"; };
		7CF609B728A407EF00A74933 /* Payloads.swift */ = {isa = PBXFileReference; fileEncoding = 4; lastKnownFileType = sourcecode.swift; path = Payloads.swift; sourceTree = "<group>"; };
		7CF609B828A407EF00A74933 /* Second_stage.swift */ = {isa = PBXFileReference; fileEncoding = 4; lastKnownFileType = sourcecode.swift; path = Second_stage.swift; sourceTree = "<group>"; };
		7CF609B928A407EF00A74933 /* LinksInfo.swift */ = {isa = PBXFileReference; fileEncoding = 4; lastKnownFileType = sourcecode.swift; path = LinksInfo.swift; sourceTree = "<group>"; };
		7CF609BA28A407EF00A74933 /* Telemetry.swift */ = {isa = PBXFileReference; fileEncoding = 4; lastKnownFileType = sourcecode.swift; path = Telemetry.swift; sourceTree = "<group>"; };
		7CF609BB28A407EF00A74933 /* Cores.swift */ = {isa = PBXFileReference; fileEncoding = 4; lastKnownFileType = sourcecode.swift; path = Cores.swift; sourceTree = "<group>"; };
		7CF609BC28A407EF00A74933 /* LaunchInfo.swift */ = {isa = PBXFileReference; fileEncoding = 4; lastKnownFileType = sourcecode.swift; path = LaunchInfo.swift; sourceTree = "<group>"; };
		7CF609BD28A407EF00A74933 /* Launch_site.swift */ = {isa = PBXFileReference; fileEncoding = 4; lastKnownFileType = sourcecode.swift; path = Launch_site.swift; sourceTree = "<group>"; };
		7CF609BE28A407EF00A74933 /* Fairings.swift */ = {isa = PBXFileReference; fileEncoding = 4; lastKnownFileType = sourcecode.swift; path = Fairings.swift; sourceTree = "<group>"; };
		7CF609BF28A407EF00A74933 /* Rocket.swift */ = {isa = PBXFileReference; fileEncoding = 4; lastKnownFileType = sourcecode.swift; path = Rocket.swift; sourceTree = "<group>"; };
		7CF609C028A407EF00A74933 /* Timeline.swift */ = {isa = PBXFileReference; fileEncoding = 4; lastKnownFileType = sourcecode.swift; path = Timeline.swift; sourceTree = "<group>"; };
/* End PBXFileReference section */

/* Begin PBXFrameworksBuildPhase section */
		7C1BE734289FE25200935D4A /* Frameworks */ = {
			isa = PBXFrameworksBuildPhase;
			buildActionMask = 2147483647;
			files = (
			);
			runOnlyForDeploymentPostprocessing = 0;
		};
		7C1BE74A289FE25500935D4A /* Frameworks */ = {
			isa = PBXFrameworksBuildPhase;
			buildActionMask = 2147483647;
			files = (
			);
			runOnlyForDeploymentPostprocessing = 0;
		};
		7C1BE754289FE25500935D4A /* Frameworks */ = {
			isa = PBXFrameworksBuildPhase;
			buildActionMask = 2147483647;
			files = (
			);
			runOnlyForDeploymentPostprocessing = 0;
		};
/* End PBXFrameworksBuildPhase section */

/* Begin PBXGroup section */
		7C1BE72E289FE25100935D4A = {
			isa = PBXGroup;
			children = (
				7C1BE739289FE25200935D4A /* MySpaceXLaunch */,
				7C1BE750289FE25500935D4A /* MySpaceXLaunchTests */,
				7C1BE75A289FE25500935D4A /* MySpaceXLaunchUITests */,
				7C1BE738289FE25200935D4A /* Products */,
			);
			sourceTree = "<group>";
		};
		7C1BE738289FE25200935D4A /* Products */ = {
			isa = PBXGroup;
			children = (
				7C1BE737289FE25200935D4A /* MySpaceXLaunch.app */,
				7C1BE74D289FE25500935D4A /* MySpaceXLaunchTests.xctest */,
				7C1BE757289FE25500935D4A /* MySpaceXLaunchUITests.xctest */,
			);
			name = Products;
			sourceTree = "<group>";
		};
		7C1BE739289FE25200935D4A /* MySpaceXLaunch */ = {
			isa = PBXGroup;
			children = (
				7C1BE77828A0D75A00935D4A /* Launches */,
				7C1BE77728A0D74A00935D4A /* CompanyInfo */,
				7C1BE76A289FE2B200935D4A /* Helpers */,
				7C1BE76B289FE2C800935D4A /* Networking */,
				7C1BE76D289FE2EC00935D4A /* ViewModels */,
				7C1BE76C289FE2E000935D4A /* Views */,
				7C1BE73A289FE25200935D4A /* AppDelegate.swift */,
				7C1BE73C289FE25200935D4A /* SceneDelegate.swift */,
				7C1BE73E289FE25200935D4A /* ViewController.swift */,
				7C1BE740289FE25200935D4A /* Main.storyboard */,
				7C1BE743289FE25400935D4A /* Assets.xcassets */,
				7C1BE745289FE25400935D4A /* LaunchScreen.storyboard */,
				7C1BE748289FE25400935D4A /* Info.plist */,
			);
			path = MySpaceXLaunch;
			sourceTree = "<group>";
		};
		7C1BE750289FE25500935D4A /* MySpaceXLaunchTests */ = {
			isa = PBXGroup;
			children = (
				7C1BE751289FE25500935D4A /* MySpaceXLaunchTests.swift */,
				7C1BE78B28A10A2C00935D4A /* CompanyInfoModelsTest.swift */,
			);
			path = MySpaceXLaunchTests;
			sourceTree = "<group>";
		};
		7C1BE75A289FE25500935D4A /* MySpaceXLaunchUITests */ = {
			isa = PBXGroup;
			children = (
				7C1BE75B289FE25500935D4A /* MySpaceXLaunchUITests.swift */,
				7C1BE75D289FE25500935D4A /* MySpaceXLaunchUITestsLaunchTests.swift */,
			);
			path = MySpaceXLaunchUITests;
			sourceTree = "<group>";
		};
		7C1BE76A289FE2B200935D4A /* Helpers */ = {
			isa = PBXGroup;
			children = (
				7C3B019828A4F2FC0087FEC4 /* DateFormatter.swift */,
				7C3B019A28A54EBE0087FEC4 /* ImageViewExtension.swift */,
			);
			path = Helpers;
			sourceTree = "<group>";
		};
		7C1BE76B289FE2C800935D4A /* Networking */ = {
			isa = PBXGroup;
			children = (
				7C1BE77528A0C75E00935D4A /* RestAPIService.swift */,
			);
			path = Networking;
			sourceTree = "<group>";
		};
		7C1BE76C289FE2E000935D4A /* Views */ = {
			isa = PBXGroup;
			children = (
				7C1BE76F289FE4F100935D4A /* LaunchListViewController.swift */,
				7C1BE771289FE59E00935D4A /* LaunchDetailViewController.swift */,
				7C1BE773289FE5CC00935D4A /* LaunchListTableViewCell.swift */,
				7C3B019C28A587270087FEC4 /* RocketDetailViewController.swift */,
			);
			path = Views;
			sourceTree = "<group>";
		};
		7C1BE76D289FE2EC00935D4A /* ViewModels */ = {
			isa = PBXGroup;
			children = (
				7C3B019428A4D3710087FEC4 /* LaunchListViewModel.swift */,
				7C3B019628A4DADA0087FEC4 /* LaunchListTableViewCellViewModel.swift */,
				7C3B019E28A588480087FEC4 /* RocketDetailViewModel.swift */,
			);
			path = ViewModels;
			sourceTree = "<group>";
		};
		7C1BE77728A0D74A00935D4A /* CompanyInfo */ = {
			isa = PBXGroup;
			children = (
				7C1BE77B28A0DAEF00935D4A /* Models */,
				7C1BE77A28A0D77C00935D4A /* Service */,
				7C1BE77928A0D77000935D4A /* Request */,
			);
			path = CompanyInfo;
			sourceTree = "<group>";
		};
		7C1BE77828A0D75A00935D4A /* Launches */ = {
			isa = PBXGroup;
			children = (
				7C1BE77E28A0DB1D00935D4A /* Model */,
				7C1BE77D28A0DB1200935D4A /* Service */,
				7C1BE77C28A0DB0500935D4A /* Request */,
			);
			path = Launches;
			sourceTree = "<group>";
		};
		7C1BE77928A0D77000935D4A /* Request */ = {
			isa = PBXGroup;
			children = (
				7C1BE77F28A0DCA800935D4A /* CompanyInfoRequest.swift */,
			);
			path = Request;
			sourceTree = "<group>";
		};
		7C1BE77A28A0D77C00935D4A /* Service */ = {
			isa = PBXGroup;
			children = (
				7C1BE78128A0DCC700935D4A /* CompanyInfoService.swift */,
			);
			path = Service;
			sourceTree = "<group>";
		};
		7C1BE77B28A0DAEF00935D4A /* Models */ = {
			isa = PBXGroup;
			children = (
				7C1BE78728A0DE7B00935D4A /* CompanyModel.swift */,
				7C1BE78D28A10DD200935D4A /* HeadquartersModel.swift */,
				7C1BE78F28A10E0A00935D4A /* Links.swift */,
			);
			path = Models;
			sourceTree = "<group>";
		};
		7C1BE77C28A0DB0500935D4A /* Request */ = {
			isa = PBXGroup;
			children = (
				7C1BE78328A0DCEC00935D4A /* LaunchesRequest.swift */,
			);
			path = Request;
			sourceTree = "<group>";
		};
		7C1BE77D28A0DB1200935D4A /* Service */ = {
			isa = PBXGroup;
			children = (
				7C1BE78528A0DD2000935D4A /* LaunchService.swift */,
			);
			path = Service;
			sourceTree = "<group>";
		};
		7C1BE77E28A0DB1D00935D4A /* Model */ = {
			isa = PBXGroup;
			children = (
				7CF609BB28A407EF00A74933 /* Cores.swift */,
				7CF609BE28A407EF00A74933 /* Fairings.swift */,
				7CF609B628A407EF00A74933 /* First_stage.swift */,
				7CF609BC28A407EF00A74933 /* LaunchInfo.swift */,
				7CF609BD28A407EF00A74933 /* Launch_site.swift */,
				7CF609B928A407EF00A74933 /* LinksInfo.swift */,
				7CF609B528A407EF00A74933 /* Orbit_params.swift */,
				7CF609B728A407EF00A74933 /* Payloads.swift */,
				7CF609BF28A407EF00A74933 /* Rocket.swift */,
				7CF609B828A407EF00A74933 /* Second_stage.swift */,
				7CF609BA28A407EF00A74933 /* Telemetry.swift */,
				7CF609C028A407EF00A74933 /* Timeline.swift */,
			);
			path = Model;
			sourceTree = "<group>";
		};
/* End PBXGroup section */

/* Begin PBXNativeTarget section */
		7C1BE736289FE25200935D4A /* MySpaceXLaunch */ = {
			isa = PBXNativeTarget;
			buildConfigurationList = 7C1BE761289FE25500935D4A /* Build configuration list for PBXNativeTarget "MySpaceXLaunch" */;
			buildPhases = (
				7C1BE733289FE25200935D4A /* Sources */,
				7C1BE734289FE25200935D4A /* Frameworks */,
				7C1BE735289FE25200935D4A /* Resources */,
			);
			buildRules = (
			);
			dependencies = (
			);
			name = MySpaceXLaunch;
			productName = MySpaceXLaunch;
			productReference = 7C1BE737289FE25200935D4A /* MySpaceXLaunch.app */;
			productType = "com.apple.product-type.application";
		};
		7C1BE74C289FE25500935D4A /* MySpaceXLaunchTests */ = {
			isa = PBXNativeTarget;
			buildConfigurationList = 7C1BE764289FE25500935D4A /* Build configuration list for PBXNativeTarget "MySpaceXLaunchTests" */;
			buildPhases = (
				7C1BE749289FE25500935D4A /* Sources */,
				7C1BE74A289FE25500935D4A /* Frameworks */,
				7C1BE74B289FE25500935D4A /* Resources */,
			);
			buildRules = (
			);
			dependencies = (
				7C1BE74F289FE25500935D4A /* PBXTargetDependency */,
			);
			name = MySpaceXLaunchTests;
			productName = MySpaceXLaunchTests;
			productReference = 7C1BE74D289FE25500935D4A /* MySpaceXLaunchTests.xctest */;
			productType = "com.apple.product-type.bundle.unit-test";
		};
		7C1BE756289FE25500935D4A /* MySpaceXLaunchUITests */ = {
			isa = PBXNativeTarget;
			buildConfigurationList = 7C1BE767289FE25500935D4A /* Build configuration list for PBXNativeTarget "MySpaceXLaunchUITests" */;
			buildPhases = (
				7C1BE753289FE25500935D4A /* Sources */,
				7C1BE754289FE25500935D4A /* Frameworks */,
				7C1BE755289FE25500935D4A /* Resources */,
			);
			buildRules = (
			);
			dependencies = (
				7C1BE759289FE25500935D4A /* PBXTargetDependency */,
			);
			name = MySpaceXLaunchUITests;
			productName = MySpaceXLaunchUITests;
			productReference = 7C1BE757289FE25500935D4A /* MySpaceXLaunchUITests.xctest */;
			productType = "com.apple.product-type.bundle.ui-testing";
		};
/* End PBXNativeTarget section */

/* Begin PBXProject section */
		7C1BE72F289FE25100935D4A /* Project object */ = {
			isa = PBXProject;
			attributes = {
				BuildIndependentTargetsInParallel = 1;
				LastSwiftUpdateCheck = 1300;
				LastUpgradeCheck = 1300;
				TargetAttributes = {
					7C1BE736289FE25200935D4A = {
						CreatedOnToolsVersion = 13.0;
					};
					7C1BE74C289FE25500935D4A = {
						CreatedOnToolsVersion = 13.0;
						TestTargetID = 7C1BE736289FE25200935D4A;
					};
					7C1BE756289FE25500935D4A = {
						CreatedOnToolsVersion = 13.0;
						TestTargetID = 7C1BE736289FE25200935D4A;
					};
				};
			};
			buildConfigurationList = 7C1BE732289FE25100935D4A /* Build configuration list for PBXProject "MySpaceXLaunch" */;
			compatibilityVersion = "Xcode 13.0";
			developmentRegion = en;
			hasScannedForEncodings = 0;
			knownRegions = (
				en,
				Base,
			);
			mainGroup = 7C1BE72E289FE25100935D4A;
			productRefGroup = 7C1BE738289FE25200935D4A /* Products */;
			projectDirPath = "";
			projectRoot = "";
			targets = (
				7C1BE736289FE25200935D4A /* MySpaceXLaunch */,
				7C1BE74C289FE25500935D4A /* MySpaceXLaunchTests */,
				7C1BE756289FE25500935D4A /* MySpaceXLaunchUITests */,
			);
		};
/* End PBXProject section */

/* Begin PBXResourcesBuildPhase section */
		7C1BE735289FE25200935D4A /* Resources */ = {
			isa = PBXResourcesBuildPhase;
			buildActionMask = 2147483647;
			files = (
				7C1BE747289FE25400935D4A /* LaunchScreen.storyboard in Resources */,
				7C1BE744289FE25400935D4A /* Assets.xcassets in Resources */,
				7C1BE742289FE25200935D4A /* Main.storyboard in Resources */,
			);
			runOnlyForDeploymentPostprocessing = 0;
		};
		7C1BE74B289FE25500935D4A /* Resources */ = {
			isa = PBXResourcesBuildPhase;
			buildActionMask = 2147483647;
			files = (
			);
			runOnlyForDeploymentPostprocessing = 0;
		};
		7C1BE755289FE25500935D4A /* Resources */ = {
			isa = PBXResourcesBuildPhase;
			buildActionMask = 2147483647;
			files = (
			);
			runOnlyForDeploymentPostprocessing = 0;
		};
/* End PBXResourcesBuildPhase section */

/* Begin PBXSourcesBuildPhase section */
		7C1BE733289FE25200935D4A /* Sources */ = {
			isa = PBXSourcesBuildPhase;
			buildActionMask = 2147483647;
			files = (
				7C1BE78228A0DCC700935D4A /* CompanyInfoService.swift in Sources */,
				7C1BE77628A0C75E00935D4A /* RestAPIService.swift in Sources */,
				7C1BE78E28A10DD200935D4A /* HeadquartersModel.swift in Sources */,
				7C1BE78428A0DCEC00935D4A /* LaunchesRequest.swift in Sources */,
				7C1BE73F289FE25200935D4A /* ViewController.swift in Sources */,
				7C3B019328A4D1DA0087FEC4 /* Links.swift in Sources */,
				7CF609C828A407EF00A74933 /* LaunchInfo.swift in Sources */,
				7C3B019928A4F2FC0087FEC4 /* DateFormatter.swift in Sources */,
				7CF609C428A407EF00A74933 /* Second_stage.swift in Sources */,
				7C1BE73B289FE25200935D4A /* AppDelegate.swift in Sources */,
				7CF609CC28A407EF00A74933 /* Timeline.swift in Sources */,
				7CF609C328A407EF00A74933 /* Payloads.swift in Sources */,
				7C1BE78828A0DE7B00935D4A /* CompanyModel.swift in Sources */,
				7CF609CA28A407EF00A74933 /* Fairings.swift in Sources */,
				7C1BE772289FE59E00935D4A /* LaunchDetailViewController.swift in Sources */,
				7CF609C128A407EF00A74933 /* Orbit_params.swift in Sources */,
				7C3B019728A4DADA0087FEC4 /* LaunchListTableViewCellViewModel.swift in Sources */,
				7C1BE73D289FE25200935D4A /* SceneDelegate.swift in Sources */,
				7CF609C628A407EF00A74933 /* Telemetry.swift in Sources */,
				7CF609CB28A407EF00A74933 /* Rocket.swift in Sources */,
				7C1BE774289FE5CC00935D4A /* LaunchListTableViewCell.swift in Sources */,
				7CF609C728A407EF00A74933 /* Cores.swift in Sources */,
				7C3B019B28A54EBE0087FEC4 /* ImageViewExtension.swift in Sources */,
				7CF609C528A407EF00A74933 /* LinksInfo.swift in Sources */,
				7C3B019528A4D3710087FEC4 /* LaunchListViewModel.swift in Sources */,
				7CF609C228A407EF00A74933 /* First_stage.swift in Sources */,
				7C3B019D28A587270087FEC4 /* RocketDetailViewController.swift in Sources */,
				7C1BE78628A0DD2000935D4A /* LaunchService.swift in Sources */,
				7C1BE770289FE4F100935D4A /* LaunchListViewController.swift in Sources */,
				7C3B019F28A588480087FEC4 /* RocketDetailViewModel.swift in Sources */,
				7C1BE78028A0DCA800935D4A /* CompanyInfoRequest.swift in Sources */,
				7CF609C928A407EF00A74933 /* Launch_site.swift in Sources */,
			);
			runOnlyForDeploymentPostprocessing = 0;
		};
		7C1BE749289FE25500935D4A /* Sources */ = {
			isa = PBXSourcesBuildPhase;
			buildActionMask = 2147483647;
			files = (
				7C1BE752289FE25500935D4A /* MySpaceXLaunchTests.swift in Sources */,
				7C1BE78C28A10A2C00935D4A /* CompanyInfoModelsTest.swift in Sources */,
			);
			runOnlyForDeploymentPostprocessing = 0;
		};
		7C1BE753289FE25500935D4A /* Sources */ = {
			isa = PBXSourcesBuildPhase;
			buildActionMask = 2147483647;
			files = (
				7C1BE75C289FE25500935D4A /* MySpaceXLaunchUITests.swift in Sources */,
				7C1BE75E289FE25500935D4A /* MySpaceXLaunchUITestsLaunchTests.swift in Sources */,
			);
			runOnlyForDeploymentPostprocessing = 0;
		};
/* End PBXSourcesBuildPhase section */

/* Begin PBXTargetDependency section */
		7C1BE74F289FE25500935D4A /* PBXTargetDependency */ = {
			isa = PBXTargetDependency;
			target = 7C1BE736289FE25200935D4A /* MySpaceXLaunch */;
			targetProxy = 7C1BE74E289FE25500935D4A /* PBXContainerItemProxy */;
		};
		7C1BE759289FE25500935D4A /* PBXTargetDependency */ = {
			isa = PBXTargetDependency;
			target = 7C1BE736289FE25200935D4A /* MySpaceXLaunch */;
			targetProxy = 7C1BE758289FE25500935D4A /* PBXContainerItemProxy */;
		};
/* End PBXTargetDependency section */

/* Begin PBXVariantGroup section */
		7C1BE740289FE25200935D4A /* Main.storyboard */ = {
			isa = PBXVariantGroup;
			children = (
				7C1BE741289FE25200935D4A /* Base */,
			);
			name = Main.storyboard;
			sourceTree = "<group>";
		};
		7C1BE745289FE25400935D4A /* LaunchScreen.storyboard */ = {
			isa = PBXVariantGroup;
			children = (
				7C1BE746289FE25400935D4A /* Base */,
			);
			name = LaunchScreen.storyboard;
			sourceTree = "<group>";
		};
/* End PBXVariantGroup section */

/* Begin XCBuildConfiguration section */
		7C1BE75F289FE25500935D4A /* Debug */ = {
			isa = XCBuildConfiguration;
			buildSettings = {
				ALWAYS_SEARCH_USER_PATHS = NO;
				CLANG_ANALYZER_NONNULL = YES;
				CLANG_ANALYZER_NUMBER_OBJECT_CONVERSION = YES_AGGRESSIVE;
				CLANG_CXX_LANGUAGE_STANDARD = "gnu++17";
				CLANG_CXX_LIBRARY = "libc++";
				CLANG_ENABLE_MODULES = YES;
				CLANG_ENABLE_OBJC_ARC = YES;
				CLANG_ENABLE_OBJC_WEAK = YES;
				CLANG_WARN_BLOCK_CAPTURE_AUTORELEASING = YES;
				CLANG_WARN_BOOL_CONVERSION = YES;
				CLANG_WARN_COMMA = YES;
				CLANG_WARN_CONSTANT_CONVERSION = YES;
				CLANG_WARN_DEPRECATED_OBJC_IMPLEMENTATIONS = YES;
				CLANG_WARN_DIRECT_OBJC_ISA_USAGE = YES_ERROR;
				CLANG_WARN_DOCUMENTATION_COMMENTS = YES;
				CLANG_WARN_EMPTY_BODY = YES;
				CLANG_WARN_ENUM_CONVERSION = YES;
				CLANG_WARN_INFINITE_RECURSION = YES;
				CLANG_WARN_INT_CONVERSION = YES;
				CLANG_WARN_NON_LITERAL_NULL_CONVERSION = YES;
				CLANG_WARN_OBJC_IMPLICIT_RETAIN_SELF = YES;
				CLANG_WARN_OBJC_LITERAL_CONVERSION = YES;
				CLANG_WARN_OBJC_ROOT_CLASS = YES_ERROR;
				CLANG_WARN_QUOTED_INCLUDE_IN_FRAMEWORK_HEADER = YES;
				CLANG_WARN_RANGE_LOOP_ANALYSIS = YES;
				CLANG_WARN_STRICT_PROTOTYPES = YES;
				CLANG_WARN_SUSPICIOUS_MOVE = YES;
				CLANG_WARN_UNGUARDED_AVAILABILITY = YES_AGGRESSIVE;
				CLANG_WARN_UNREACHABLE_CODE = YES;
				CLANG_WARN__DUPLICATE_METHOD_MATCH = YES;
				COPY_PHASE_STRIP = NO;
				DEBUG_INFORMATION_FORMAT = dwarf;
				ENABLE_STRICT_OBJC_MSGSEND = YES;
				ENABLE_TESTABILITY = YES;
				GCC_C_LANGUAGE_STANDARD = gnu11;
				GCC_DYNAMIC_NO_PIC = NO;
				GCC_NO_COMMON_BLOCKS = YES;
				GCC_OPTIMIZATION_LEVEL = 0;
				GCC_PREPROCESSOR_DEFINITIONS = (
					"DEBUG=1",
					"$(inherited)",
				);
				GCC_WARN_64_TO_32_BIT_CONVERSION = YES;
				GCC_WARN_ABOUT_RETURN_TYPE = YES_ERROR;
				GCC_WARN_UNDECLARED_SELECTOR = YES;
				GCC_WARN_UNINITIALIZED_AUTOS = YES_AGGRESSIVE;
				GCC_WARN_UNUSED_FUNCTION = YES;
				GCC_WARN_UNUSED_VARIABLE = YES;
				IPHONEOS_DEPLOYMENT_TARGET = 15.0;
				MTL_ENABLE_DEBUG_INFO = INCLUDE_SOURCE;
				MTL_FAST_MATH = YES;
				ONLY_ACTIVE_ARCH = YES;
				SDKROOT = iphoneos;
				SWIFT_ACTIVE_COMPILATION_CONDITIONS = DEBUG;
				SWIFT_OPTIMIZATION_LEVEL = "-Onone";
			};
			name = Debug;
		};
		7C1BE760289FE25500935D4A /* Release */ = {
			isa = XCBuildConfiguration;
			buildSettings = {
				ALWAYS_SEARCH_USER_PATHS = NO;
				CLANG_ANALYZER_NONNULL = YES;
				CLANG_ANALYZER_NUMBER_OBJECT_CONVERSION = YES_AGGRESSIVE;
				CLANG_CXX_LANGUAGE_STANDARD = "gnu++17";
				CLANG_CXX_LIBRARY = "libc++";
				CLANG_ENABLE_MODULES = YES;
				CLANG_ENABLE_OBJC_ARC = YES;
				CLANG_ENABLE_OBJC_WEAK = YES;
				CLANG_WARN_BLOCK_CAPTURE_AUTORELEASING = YES;
				CLANG_WARN_BOOL_CONVERSION = YES;
				CLANG_WARN_COMMA = YES;
				CLANG_WARN_CONSTANT_CONVERSION = YES;
				CLANG_WARN_DEPRECATED_OBJC_IMPLEMENTATIONS = YES;
				CLANG_WARN_DIRECT_OBJC_ISA_USAGE = YES_ERROR;
				CLANG_WARN_DOCUMENTATION_COMMENTS = YES;
				CLANG_WARN_EMPTY_BODY = YES;
				CLANG_WARN_ENUM_CONVERSION = YES;
				CLANG_WARN_INFINITE_RECURSION = YES;
				CLANG_WARN_INT_CONVERSION = YES;
				CLANG_WARN_NON_LITERAL_NULL_CONVERSION = YES;
				CLANG_WARN_OBJC_IMPLICIT_RETAIN_SELF = YES;
				CLANG_WARN_OBJC_LITERAL_CONVERSION = YES;
				CLANG_WARN_OBJC_ROOT_CLASS = YES_ERROR;
				CLANG_WARN_QUOTED_INCLUDE_IN_FRAMEWORK_HEADER = YES;
				CLANG_WARN_RANGE_LOOP_ANALYSIS = YES;
				CLANG_WARN_STRICT_PROTOTYPES = YES;
				CLANG_WARN_SUSPICIOUS_MOVE = YES;
				CLANG_WARN_UNGUARDED_AVAILABILITY = YES_AGGRESSIVE;
				CLANG_WARN_UNREACHABLE_CODE = YES;
				CLANG_WARN__DUPLICATE_METHOD_MATCH = YES;
				COPY_PHASE_STRIP = NO;
				DEBUG_INFORMATION_FORMAT = "dwarf-with-dsym";
				ENABLE_NS_ASSERTIONS = NO;
				ENABLE_STRICT_OBJC_MSGSEND = YES;
				GCC_C_LANGUAGE_STANDARD = gnu11;
				GCC_NO_COMMON_BLOCKS = YES;
				GCC_WARN_64_TO_32_BIT_CONVERSION = YES;
				GCC_WARN_ABOUT_RETURN_TYPE = YES_ERROR;
				GCC_WARN_UNDECLARED_SELECTOR = YES;
				GCC_WARN_UNINITIALIZED_AUTOS = YES_AGGRESSIVE;
				GCC_WARN_UNUSED_FUNCTION = YES;
				GCC_WARN_UNUSED_VARIABLE = YES;
				IPHONEOS_DEPLOYMENT_TARGET = 15.0;
				MTL_ENABLE_DEBUG_INFO = NO;
				MTL_FAST_MATH = YES;
				SDKROOT = iphoneos;
				SWIFT_COMPILATION_MODE = wholemodule;
				SWIFT_OPTIMIZATION_LEVEL = "-O";
				VALIDATE_PRODUCT = YES;
			};
			name = Release;
		};
		7C1BE762289FE25500935D4A /* Debug */ = {
			isa = XCBuildConfiguration;
			buildSettings = {
				ASSETCATALOG_COMPILER_APPICON_NAME = AppIcon;
				ASSETCATALOG_COMPILER_GLOBAL_ACCENT_COLOR_NAME = AccentColor;
				CODE_SIGN_STYLE = Automatic;
				CURRENT_PROJECT_VERSION = 1;
				GENERATE_INFOPLIST_FILE = YES;
				INFOPLIST_FILE = MySpaceXLaunch/Info.plist;
				INFOPLIST_KEY_UIApplicationSupportsIndirectInputEvents = YES;
				INFOPLIST_KEY_UILaunchStoryboardName = LaunchScreen;
				INFOPLIST_KEY_UIMainStoryboardFile = Main;
				INFOPLIST_KEY_UISupportedInterfaceOrientations_iPad = "UIInterfaceOrientationPortrait UIInterfaceOrientationPortraitUpsideDown UIInterfaceOrientationLandscapeLeft UIInterfaceOrientationLandscapeRight";
				INFOPLIST_KEY_UISupportedInterfaceOrientations_iPhone = "UIInterfaceOrientationPortrait UIInterfaceOrientationLandscapeLeft UIInterfaceOrientationLandscapeRight";
				LD_RUNPATH_SEARCH_PATHS = (
					"$(inherited)",
					"@executable_path/Frameworks",
				);
				MARKETING_VERSION = 1.0;
				PRODUCT_BUNDLE_IDENTIFIER = com.honneybuny.MySpaceXLaunch;
				PRODUCT_NAME = "$(TARGET_NAME)";
				SWIFT_EMIT_LOC_STRINGS = YES;
				SWIFT_VERSION = 5.0;
				TARGETED_DEVICE_FAMILY = 1;
			};
			name = Debug;
		};
		7C1BE763289FE25500935D4A /* Release */ = {
			isa = XCBuildConfiguration;
			buildSettings = {
				ASSETCATALOG_COMPILER_APPICON_NAME = AppIcon;
				ASSETCATALOG_COMPILER_GLOBAL_ACCENT_COLOR_NAME = AccentColor;
				CODE_SIGN_STYLE = Automatic;
				CURRENT_PROJECT_VERSION = 1;
				GENERATE_INFOPLIST_FILE = YES;
				INFOPLIST_FILE = MySpaceXLaunch/Info.plist;
				INFOPLIST_KEY_UIApplicationSupportsIndirectInputEvents = YES;
				INFOPLIST_KEY_UILaunchStoryboardName = LaunchScreen;
				INFOPLIST_KEY_UIMainStoryboardFile = Main;
				INFOPLIST_KEY_UISupportedInterfaceOrientations_iPad = "UIInterfaceOrientationPortrait UIInterfaceOrientationPortraitUpsideDown UIInterfaceOrientationLandscapeLeft UIInterfaceOrientationLandscapeRight";
				INFOPLIST_KEY_UISupportedInterfaceOrientations_iPhone = "UIInterfaceOrientationPortrait UIInterfaceOrientationLandscapeLeft UIInterfaceOrientationLandscapeRight";
				LD_RUNPATH_SEARCH_PATHS = (
					"$(inherited)",
					"@executable_path/Frameworks",
				);
				MARKETING_VERSION = 1.0;
				PRODUCT_BUNDLE_IDENTIFIER = com.honneybuny.MySpaceXLaunch;
				PRODUCT_NAME = "$(TARGET_NAME)";
				SWIFT_EMIT_LOC_STRINGS = YES;
				SWIFT_VERSION = 5.0;
				TARGETED_DEVICE_FAMILY = 1;
			};
			name = Release;
		};
		7C1BE765289FE25500935D4A /* Debug */ = {
			isa = XCBuildConfiguration;
			buildSettings = {
				ALWAYS_EMBED_SWIFT_STANDARD_LIBRARIES = YES;
				BUNDLE_LOADER = "$(TEST_HOST)";
				CODE_SIGN_STYLE = Automatic;
				CURRENT_PROJECT_VERSION = 1;
				GENERATE_INFOPLIST_FILE = YES;
				IPHONEOS_DEPLOYMENT_TARGET = 15.0;
				LD_RUNPATH_SEARCH_PATHS = (
					"$(inherited)",
					"@executable_path/Frameworks",
					"@loader_path/Frameworks",
				);
				MARKETING_VERSION = 1.0;
				PRODUCT_BUNDLE_IDENTIFIER = com.honneybuny.MySpaceXLaunchTests;
				PRODUCT_NAME = "$(TARGET_NAME)";
				SWIFT_EMIT_LOC_STRINGS = NO;
				SWIFT_VERSION = 5.0;
				TARGETED_DEVICE_FAMILY = "1,2";
				TEST_HOST = "$(BUILT_PRODUCTS_DIR)/MySpaceXLaunch.app/MySpaceXLaunch";
			};
			name = Debug;
		};
		7C1BE766289FE25500935D4A /* Release */ = {
			isa = XCBuildConfiguration;
			buildSettings = {
				ALWAYS_EMBED_SWIFT_STANDARD_LIBRARIES = YES;
				BUNDLE_LOADER = "$(TEST_HOST)";
				CODE_SIGN_STYLE = Automatic;
				CURRENT_PROJECT_VERSION = 1;
				GENERATE_INFOPLIST_FILE = YES;
				IPHONEOS_DEPLOYMENT_TARGET = 15.0;
				LD_RUNPATH_SEARCH_PATHS = (
					"$(inherited)",
					"@executable_path/Frameworks",
					"@loader_path/Frameworks",
				);
				MARKETING_VERSION = 1.0;
				PRODUCT_BUNDLE_IDENTIFIER = com.honneybuny.MySpaceXLaunchTests;
				PRODUCT_NAME = "$(TARGET_NAME)";
				SWIFT_EMIT_LOC_STRINGS = NO;
				SWIFT_VERSION = 5.0;
				TARGETED_DEVICE_FAMILY = "1,2";
				TEST_HOST = "$(BUILT_PRODUCTS_DIR)/MySpaceXLaunch.app/MySpaceXLaunch";
			};
			name = Release;
		};
		7C1BE768289FE25500935D4A /* Debug */ = {
			isa = XCBuildConfiguration;
			buildSettings = {
				ALWAYS_EMBED_SWIFT_STANDARD_LIBRARIES = YES;
				CODE_SIGN_STYLE = Automatic;
				CURRENT_PROJECT_VERSION = 1;
				GENERATE_INFOPLIST_FILE = YES;
				LD_RUNPATH_SEARCH_PATHS = (
					"$(inherited)",
					"@executable_path/Frameworks",
					"@loader_path/Frameworks",
				);
				MARKETING_VERSION = 1.0;
				PRODUCT_BUNDLE_IDENTIFIER = com.honneybuny.MySpaceXLaunchUITests;
				PRODUCT_NAME = "$(TARGET_NAME)";
				SWIFT_EMIT_LOC_STRINGS = NO;
				SWIFT_VERSION = 5.0;
				TARGETED_DEVICE_FAMILY = "1,2";
				TEST_TARGET_NAME = MySpaceXLaunch;
			};
			name = Debug;
		};
		7C1BE769289FE25500935D4A /* Release */ = {
			isa = XCBuildConfiguration;
			buildSettings = {
				ALWAYS_EMBED_SWIFT_STANDARD_LIBRARIES = YES;
				CODE_SIGN_STYLE = Automatic;
				CURRENT_PROJECT_VERSION = 1;
				GENERATE_INFOPLIST_FILE = YES;
				LD_RUNPATH_SEARCH_PATHS = (
					"$(inherited)",
					"@executable_path/Frameworks",
					"@loader_path/Frameworks",
				);
				MARKETING_VERSION = 1.0;
				PRODUCT_BUNDLE_IDENTIFIER = com.honneybuny.MySpaceXLaunchUITests;
				PRODUCT_NAME = "$(TARGET_NAME)";
				SWIFT_EMIT_LOC_STRINGS = NO;
				SWIFT_VERSION = 5.0;
				TARGETED_DEVICE_FAMILY = "1,2";
				TEST_TARGET_NAME = MySpaceXLaunch;
			};
			name = Release;
		};
/* End XCBuildConfiguration section */

/* Begin XCConfigurationList section */
		7C1BE732289FE25100935D4A /* Build configuration list for PBXProject "MySpaceXLaunch" */ = {
			isa = XCConfigurationList;
			buildConfigurations = (
				7C1BE75F289FE25500935D4A /* Debug */,
				7C1BE760289FE25500935D4A /* Release */,
			);
			defaultConfigurationIsVisible = 0;
			defaultConfigurationName = Release;
		};
		7C1BE761289FE25500935D4A /* Build configuration list for PBXNativeTarget "MySpaceXLaunch" */ = {
			isa = XCConfigurationList;
			buildConfigurations = (
				7C1BE762289FE25500935D4A /* Debug */,
				7C1BE763289FE25500935D4A /* Release */,
			);
			defaultConfigurationIsVisible = 0;
			defaultConfigurationName = Release;
		};
		7C1BE764289FE25500935D4A /* Build configuration list for PBXNativeTarget "MySpaceXLaunchTests" */ = {
			isa = XCConfigurationList;
			buildConfigurations = (
				7C1BE765289FE25500935D4A /* Debug */,
				7C1BE766289FE25500935D4A /* Release */,
			);
			defaultConfigurationIsVisible = 0;
			defaultConfigurationName = Release;
		};
		7C1BE767289FE25500935D4A /* Build configuration list for PBXNativeTarget "MySpaceXLaunchUITests" */ = {
			isa = XCConfigurationList;
			buildConfigurations = (
				7C1BE768289FE25500935D4A /* Debug */,
				7C1BE769289FE25500935D4A /* Release */,
			);
			defaultConfigurationIsVisible = 0;
			defaultConfigurationName = Release;
		};
/* End XCConfigurationList section */
	};
	rootObject = 7C1BE72F289FE25100935D4A /* Project object */;
}
